
Microsoft Visual Studio Solution File, Format Version 12.00
# Visual Studio Version 17
VisualStudioVersion = 17.9.34723.18
MinimumVisualStudioVersion = 10.0.40219.1
Project("{FAE04EC0-301F-11D3-BF4B-00C04F79EFBC}") = "Todo.BlazorWeb", "Todo.BlazorWeb\Todo.BlazorWeb.csproj", "{AC61D479-D651-47AD-946C-A6C023AC0794}"
EndProject
Global
	GlobalSection(SolutionConfigurationPlatforms) = preSolution
		Debug|Any CPU = Debug|Any CPU
		Release|Any CPU = Release|Any CPU
	EndGlobalSection
	GlobalSection(ProjectConfigurationPlatforms) = postSolution
		{AC61D479-D651-47AD-946C-A6C023AC0794}.Debug|Any CPU.ActiveCfg = Debug|Any CPU
		{AC61D479-D651-47AD-946C-A6C023AC0794}.Debug|Any CPU.Build.0 = Debug|Any CPU
		{AC61D479-D651-47AD-946C-A6C023AC0794}.Release|Any CPU.ActiveCfg = Release|Any CPU
		{AC61D479-D651-47AD-946C-A6C023AC0794}.Release|Any CPU.Build.0 = Release|Any CPU
	EndGlobalSection
	GlobalSection(SolutionProperties) = preSolution
		HideSolutionNode = FALSE
	EndGlobalSection
	GlobalSection(ExtensibilityGlobals) = postSolution
		SolutionGuid = {8B51AA3B-D9B3-45F2-A8FA-44A3E7238835}
	EndGlobalSection
EndGlobal
