
Microsoft Visual Studio Solution File, Format Version 12.00
# Visual Studio Version 17
VisualStudioVersion = 17.5.33502.453
MinimumVisualStudioVersion = 10.0.40219.1
Project("{FAE04EC0-301F-11D3-BF4B-00C04F79EFBC}") = "TodoApi", "TodoApi\TodoApi.csproj", "{B78093E8-C57C-4F62-A5A6-04F698BC3C2D}"
EndProject
Global
	GlobalSection(SolutionConfigurationPlatforms) = preSolution
		Debug|Any CPU = Debug|Any CPU
		Release|Any CPU = Release|Any CPU
	EndGlobalSection
	GlobalSection(ProjectConfigurationPlatforms) = postSolution
		{B78093E8-C57C-4F62-A5A6-04F698BC3C2D}.Debug|Any CPU.ActiveCfg = Debug|Any CPU
		{B78093E8-C57C-4F62-A5A6-04F698BC3C2D}.Debug|Any CPU.Build.0 = Debug|Any CPU
		{B78093E8-C57C-4F62-A5A6-04F698BC3C2D}.Release|Any CPU.ActiveCfg = Release|Any CPU
		{B78093E8-C57C-4F62-A5A6-04F698BC3C2D}.Release|Any CPU.Build.0 = Release|Any CPU
	EndGlobalSection
	GlobalSection(SolutionProperties) = preSolution
		HideSolutionNode = FALSE
	EndGlobalSection
	GlobalSection(ExtensibilityGlobals) = postSolution
		SolutionGuid = {2E86F3BB-A83C-4DF7-9BB2-27B6F3069FD5}
	EndGlobalSection
EndGlobal
