
Microsoft Visual Studio Solution File, Format Version 12.00
# Visual Studio Version 17
VisualStudioVersion = 17.5.33502.453
MinimumVisualStudioVersion = 10.0.40219.1
Project("{FAE04EC0-301F-11D3-BF4B-00C04F79EFBC}") = "BookStore.API", "BookStore.API\BookStore.API.csproj", "{54D006B2-CDA5-48BC-94B7-ADABBA368EB4}"
EndProject
Global
	GlobalSection(SolutionConfigurationPlatforms) = preSolution
		Debug|Any CPU = Debug|Any CPU
		Release|Any CPU = Release|Any CPU
	EndGlobalSection
	GlobalSection(ProjectConfigurationPlatforms) = postSolution
		{54D006B2-CDA5-48BC-94B7-ADABBA368EB4}.Debug|Any CPU.ActiveCfg = Debug|Any CPU
		{54D006B2-CDA5-48BC-94B7-ADABBA368EB4}.Debug|Any CPU.Build.0 = Debug|Any CPU
		{54D006B2-CDA5-48BC-94B7-ADABBA368EB4}.Release|Any CPU.ActiveCfg = Release|Any CPU
		{54D006B2-CDA5-48BC-94B7-ADABBA368EB4}.Release|Any CPU.Build.0 = Release|Any CPU
	EndGlobalSection
	GlobalSection(SolutionProperties) = preSolution
		HideSolutionNode = FALSE
	EndGlobalSection
	GlobalSection(ExtensibilityGlobals) = postSolution
		SolutionGuid = {86D3B0D2-B8BD-4F73-B786-13F6608C2B0A}
	EndGlobalSection
EndGlobal
